
Microsoft Visual Studio Solution File, Format Version 12.00
# Visual Studio Version 17
VisualStudioVersion = 17.14.36616.10 d17.14
MinimumVisualStudioVersion = 10.0.40219.1
Project("{FAE04EC0-301F-11D3-BF4B-00C04F79EFBC}") = "restaurant-api", "restaurant-api.csproj", "{5DD94F94-D82C-6205-EFFF-6E05C0617020}"
EndProject
Global
	GlobalSection(SolutionConfigurationPlatforms) = preSolution
		Debug|Any CPU = Debug|Any CPU
		Release|Any CPU = Release|Any CPU
	EndGlobalSection
	GlobalSection(ProjectConfigurationPlatforms) = postSolution
		{5DD94F94-D82C-6205-EFFF-6E05C0617020}.Debug|Any CPU.ActiveCfg = Debug|Any CPU
		{5DD94F94-D82C-6205-EFFF-6E05C0617020}.Debug|Any CPU.Build.0 = Debug|Any CPU
		{5DD94F94-D82C-6205-EFFF-6E05C0617020}.Release|Any CPU.ActiveCfg = Release|Any CPU
		{5DD94F94-D82C-6205-EFFF-6E05C0617020}.Release|Any CPU.Build.0 = Release|Any CPU
	EndGlobalSection
	GlobalSection(SolutionProperties) = preSolution
		HideSolutionNode = FALSE
	EndGlobalSection
	GlobalSection(ExtensibilityGlobals) = postSolution
		SolutionGuid = {38FE830E-860E-46D2-9310-8EDC439EB0D3}
	EndGlobalSection
EndGlobal
